// !$*UTF8*$!
{
	archiveVersion = 1;
	classes = {
	};
	objectVersion = 50;
	objects = {

/* Begin PBXBuildFile section */
		C41E909721B0E02400DA7621 /* AppDelegate.swift in Sources */ = {isa = PBXBuildFile; fileRef = C41E909621B0E02400DA7621 /* AppDelegate.swift */; };
		C41E909921B0E02400DA7621 /* ViewController.swift in Sources */ = {isa = PBXBuildFile; fileRef = C41E909821B0E02400DA7621 /* ViewController.swift */; };
		C41E909C21B0E02400DA7621 /* Main.storyboard in Resources */ = {isa = PBXBuildFile; fileRef = C41E909A21B0E02400DA7621 /* Main.storyboard */; };
		C41E909E21B0E02500DA7621 /* Assets.xcassets in Resources */ = {isa = PBXBuildFile; fileRef = C41E909D21B0E02500DA7621 /* Assets.xcassets */; };
		C41E90A121B0E02500DA7621 /* LaunchScreen.storyboard in Resources */ = {isa = PBXBuildFile; fileRef = C41E909F21B0E02500DA7621 /* LaunchScreen.storyboard */; };
		C41E90AC21B0E02500DA7621 /* XCExtensionToolTests.swift in Sources */ = {isa = PBXBuildFile; fileRef = C41E90AB21B0E02500DA7621 /* XCExtensionToolTests.swift */; };
		C41E90B721B0E02500DA7621 /* XCExtensionToolUITests.swift in Sources */ = {isa = PBXBuildFile; fileRef = C41E90B621B0E02500DA7621 /* XCExtensionToolUITests.swift */; };
/* End PBXBuildFile section */

/* Begin PBXContainerItemProxy section */
		C41E90A821B0E02500DA7621 /* PBXContainerItemProxy */ = {
			isa = PBXContainerItemProxy;
			containerPortal = C41E908B21B0E02400DA7621 /* Project object */;
			proxyType = 1;
			remoteGlobalIDString = C41E909221B0E02400DA7621;
			remoteInfo = XCExtensionTool;
		};
		C41E90B321B0E02500DA7621 /* PBXContainerItemProxy */ = {
			isa = PBXContainerItemProxy;
			containerPortal = C41E908B21B0E02400DA7621 /* Project object */;
			proxyType = 1;
			remoteGlobalIDString = C41E909221B0E02400DA7621;
			remoteInfo = XCExtensionTool;
		};
/* End PBXContainerItemProxy section */

/* Begin PBXFileReference section */
		C41E909321B0E02400DA7621 /* XCExtensionTool.app */ = {isa = PBXFileReference; explicitFileType = wrapper.application; includeInIndex = 0; path = XCExtensionTool.app; sourceTree = BUILT_PRODUCTS_DIR; };
		C41E909621B0E02400DA7621 /* AppDelegate.swift */ = {isa = PBXFileReference; lastKnownFileType = sourcecode.swift; path = AppDelegate.swift; sourceTree = "<group>"; };
		C41E909821B0E02400DA7621 /* ViewController.swift */ = {isa = PBXFileReference; lastKnownFileType = sourcecode.swift; path = ViewController.swift; sourceTree = "<group>"; };
		C41E909B21B0E02400DA7621 /* Base */ = {isa = PBXFileReference; lastKnownFileType = file.storyboard; name = Base; path = Base.lproj/Main.storyboard; sourceTree = "<group>"; };
		C41E909D21B0E02500DA7621 /* Assets.xcassets */ = {isa = PBXFileReference; lastKnownFileType = folder.assetcatalog; path = Assets.xcassets; sourceTree = "<group>"; };
		C41E90A021B0E02500DA7621 /* Base */ = {isa = PBXFileReference; lastKnownFileType = file.storyboard; name = Base; path = Base.lproj/LaunchScreen.storyboard; sourceTree = "<group>"; };
		C41E90A221B0E02500DA7621 /* Info.plist */ = {isa = PBXFileReference; lastKnownFileType = text.plist.xml; path = Info.plist; sourceTree = "<group>"; };
		C41E90A721B0E02500DA7621 /* XCExtensionToolTests.xctest */ = {isa = PBXFileReference; explicitFileType = wrapper.cfbundle; includeInIndex = 0; path = XCExtensionToolTests.xctest; sourceTree = BUILT_PRODUCTS_DIR; };
		C41E90AB21B0E02500DA7621 /* XCExtensionToolTests.swift */ = {isa = PBXFileReference; lastKnownFileType = sourcecode.swift; path = XCExtensionToolTests.swift; sourceTree = "<group>"; };
		C41E90AD21B0E02500DA7621 /* Info.plist */ = {isa = PBXFileReference; lastKnownFileType = text.plist.xml; path = Info.plist; sourceTree = "<group>"; };
		C41E90B221B0E02500DA7621 /* XCExtensionToolUITests.xctest */ = {isa = PBXFileReference; explicitFileType = wrapper.cfbundle; includeInIndex = 0; path = XCExtensionToolUITests.xctest; sourceTree = BUILT_PRODUCTS_DIR; };
		C41E90B621B0E02500DA7621 /* XCExtensionToolUITests.swift */ = {isa = PBXFileReference; lastKnownFileType = sourcecode.swift; path = XCExtensionToolUITests.swift; sourceTree = "<group>"; };
		C41E90B821B0E02500DA7621 /* Info.plist */ = {isa = PBXFileReference; lastKnownFileType = text.plist.xml; path = Info.plist; sourceTree = "<group>"; };
/* End PBXFileReference section */

/* Begin PBXFrameworksBuildPhase section */
		C41E909021B0E02400DA7621 /* Frameworks */ = {
			isa = PBXFrameworksBuildPhase;
			buildActionMask = 2147483647;
			files = (
			);
			runOnlyForDeploymentPostprocessing = 0;
		};
		C41E90A421B0E02500DA7621 /* Frameworks */ = {
			isa = PBXFrameworksBuildPhase;
			buildActionMask = 2147483647;
			files = (
			);
			runOnlyForDeploymentPostprocessing = 0;
		};
		C41E90AF21B0E02500DA7621 /* Frameworks */ = {
			isa = PBXFrameworksBuildPhase;
			buildActionMask = 2147483647;
			files = (
			);
			runOnlyForDeploymentPostprocessing = 0;
		};
/* End PBXFrameworksBuildPhase section */

/* Begin PBXGroup section */
		C41E908A21B0E02400DA7621 = {
			isa = PBXGroup;
			children = (
				C41E909521B0E02400DA7621 /* XCExtensionTool */,
				C41E90AA21B0E02500DA7621 /* XCExtensionToolTests */,
				C41E90B521B0E02500DA7621 /* XCExtensionToolUITests */,
				C41E909421B0E02400DA7621 /* Products */,
			);
			sourceTree = "<group>";
		};
		C41E909421B0E02400DA7621 /* Products */ = {
			isa = PBXGroup;
			children = (
				C41E909321B0E02400DA7621 /* XCExtensionTool.app */,
				C41E90A721B0E02500DA7621 /* XCExtensionToolTests.xctest */,
				C41E90B221B0E02500DA7621 /* XCExtensionToolUITests.xctest */,
			);
			name = Products;
			sourceTree = "<group>";
		};
		C41E909521B0E02400DA7621 /* XCExtensionTool */ = {
			isa = PBXGroup;
			children = (
				C41E909621B0E02400DA7621 /* AppDelegate.swift */,
				C41E909821B0E02400DA7621 /* ViewController.swift */,
				C41E909A21B0E02400DA7621 /* Main.storyboard */,
				C41E909D21B0E02500DA7621 /* Assets.xcassets */,
				C41E909F21B0E02500DA7621 /* LaunchScreen.storyboard */,
				C41E90A221B0E02500DA7621 /* Info.plist */,
			);
			path = XCExtensionTool;
			sourceTree = "<group>";
		};
		C41E90AA21B0E02500DA7621 /* XCExtensionToolTests */ = {
			isa = PBXGroup;
			children = (
				C41E90AB21B0E02500DA7621 /* XCExtensionToolTests.swift */,
				C41E90AD21B0E02500DA7621 /* Info.plist */,
			);
			path = XCExtensionToolTests;
			sourceTree = "<group>";
		};
		C41E90B521B0E02500DA7621 /* XCExtensionToolUITests */ = {
			isa = PBXGroup;
			children = (
				C41E90B621B0E02500DA7621 /* XCExtensionToolUITests.swift */,
				C41E90B821B0E02500DA7621 /* Info.plist */,
			);
			path = XCExtensionToolUITests;
			sourceTree = "<group>";
		};
/* End PBXGroup section */

/* Begin PBXNativeTarget section */
		C41E909221B0E02400DA7621 /* XCExtensionTool */ = {
			isa = PBXNativeTarget;
			buildConfigurationList = C41E90BB21B0E02500DA7621 /* Build configuration list for PBXNativeTarget "XCExtensionTool" */;
			buildPhases = (
				C41E908F21B0E02400DA7621 /* Sources */,
				C41E909021B0E02400DA7621 /* Frameworks */,
				C41E909121B0E02400DA7621 /* Resources */,
			);
			buildRules = (
			);
			dependencies = (
			);
			name = XCExtensionTool;
			productName = XCExtensionTool;
			productReference = C41E909321B0E02400DA7621 /* XCExtensionTool.app */;
			productType = "com.apple.product-type.application";
		};
		C41E90A621B0E02500DA7621 /* XCExtensionToolTests */ = {
			isa = PBXNativeTarget;
			buildConfigurationList = C41E90BE21B0E02500DA7621 /* Build configuration list for PBXNativeTarget "XCExtensionToolTests" */;
			buildPhases = (
				C41E90A321B0E02500DA7621 /* Sources */,
				C41E90A421B0E02500DA7621 /* Frameworks */,
				C41E90A521B0E02500DA7621 /* Resources */,
			);
			buildRules = (
			);
			dependencies = (
				C41E90A921B0E02500DA7621 /* PBXTargetDependency */,
			);
			name = XCExtensionToolTests;
			productName = XCExtensionToolTests;
			productReference = C41E90A721B0E02500DA7621 /* XCExtensionToolTests.xctest */;
			productType = "com.apple.product-type.bundle.unit-test";
		};
		C41E90B121B0E02500DA7621 /* XCExtensionToolUITests */ = {
			isa = PBXNativeTarget;
			buildConfigurationList = C41E90C121B0E02500DA7621 /* Build configuration list for PBXNativeTarget "XCExtensionToolUITests" */;
			buildPhases = (
				C41E90AE21B0E02500DA7621 /* Sources */,
				C41E90AF21B0E02500DA7621 /* Frameworks */,
				C41E90B021B0E02500DA7621 /* Resources */,
			);
			buildRules = (
			);
			dependencies = (
				C41E90B421B0E02500DA7621 /* PBXTargetDependency */,
			);
			name = XCExtensionToolUITests;
			productName = XCExtensionToolUITests;
			productReference = C41E90B221B0E02500DA7621 /* XCExtensionToolUITests.xctest */;
			productType = "com.apple.product-type.bundle.ui-testing";
		};
/* End PBXNativeTarget section */

/* Begin PBXProject section */
		C41E908B21B0E02400DA7621 /* Project object */ = {
			isa = PBXProject;
			attributes = {
				LastSwiftUpdateCheck = 1010;
				LastUpgradeCheck = 1010;
				ORGANIZATIONNAME = "Sunshine Days";
				TargetAttributes = {
					C41E909221B0E02400DA7621 = {
						CreatedOnToolsVersion = 10.1;
					};
					C41E90A621B0E02500DA7621 = {
						CreatedOnToolsVersion = 10.1;
						TestTargetID = C41E909221B0E02400DA7621;
					};
					C41E90B121B0E02500DA7621 = {
						CreatedOnToolsVersion = 10.1;
						TestTargetID = C41E909221B0E02400DA7621;
					};
				};
			};
			buildConfigurationList = C41E908E21B0E02400DA7621 /* Build configuration list for PBXProject "XCExtensionTool" */;
			compatibilityVersion = "Xcode 9.3";
			developmentRegion = en;
			hasScannedForEncodings = 0;
			knownRegions = (
				en,
				Base,
			);
			mainGroup = C41E908A21B0E02400DA7621;
			productRefGroup = C41E909421B0E02400DA7621 /* Products */;
			projectDirPath = "";
			projectRoot = "";
			targets = (
				C41E909221B0E02400DA7621 /* XCExtensionTool */,
				C41E90A621B0E02500DA7621 /* XCExtensionToolTests */,
				C41E90B121B0E02500DA7621 /* XCExtensionToolUITests */,
			);
		};
/* End PBXProject section */

/* Begin PBXResourcesBuildPhase section */
		C41E909121B0E02400DA7621 /* Resources */ = {
			isa = PBXResourcesBuildPhase;
			buildActionMask = 2147483647;
			files = (
				C41E90A121B0E02500DA7621 /* LaunchScreen.storyboard in Resources */,
				C41E909E21B0E02500DA7621 /* Assets.xcassets in Resources */,
				C41E909C21B0E02400DA7621 /* Main.storyboard in Resources */,
			);
			runOnlyForDeploymentPostprocessing = 0;
		};
		C41E90A521B0E02500DA7621 /* Resources */ = {
			isa = PBXResourcesBuildPhase;
			buildActionMask = 2147483647;
			files = (
			);
			runOnlyForDeploymentPostprocessing = 0;
		};
		C41E90B021B0E02500DA7621 /* Resources */ = {
			isa = PBXResourcesBuildPhase;
			buildActionMask = 2147483647;
			files = (
			);
			runOnlyForDeploymentPostprocessing = 0;
		};
/* End PBXResourcesBuildPhase section */

/* Begin PBXSourcesBuildPhase section */
		C41E908F21B0E02400DA7621 /* Sources */ = {
			isa = PBXSourcesBuildPhase;
			buildActionMask = 2147483647;
			files = (
				C41E909921B0E02400DA7621 /* ViewController.swift in Sources */,
				C41E909721B0E02400DA7621 /* AppDelegate.swift in Sources */,
			);
			runOnlyForDeploymentPostprocessing = 0;
		};
		C41E90A321B0E02500DA7621 /* Sources */ = {
			isa = PBXSourcesBuildPhase;
			buildActionMask = 2147483647;
			files = (
				C41E90AC21B0E02500DA7621 /* XCExtensionToolTests.swift in Sources */,
			);
			runOnlyForDeploymentPostprocessing = 0;
		};
		C41E90AE21B0E02500DA7621 /* Sources */ = {
			isa = PBXSourcesBuildPhase;
			buildActionMask = 2147483647;
			files = (
				C41E90B721B0E02500DA7621 /* XCExtensionToolUITests.swift in Sources */,
			);
			runOnlyForDeploymentPostprocessing = 0;
		};
/* End PBXSourcesBuildPhase section */

/* Begin PBXTargetDependency section */
		C41E90A921B0E02500DA7621 /* PBXTargetDependency */ = {
			isa = PBXTargetDependency;
			target = C41E909221B0E02400DA7621 /* XCExtensionTool */;
			targetProxy = C41E90A821B0E02500DA7621 /* PBXContainerItemProxy */;
		};
		C41E90B421B0E02500DA7621 /* PBXTargetDependency */ = {
			isa = PBXTargetDependency;
			target = C41E909221B0E02400DA7621 /* XCExtensionTool */;
			targetProxy = C41E90B321B0E02500DA7621 /* PBXContainerItemProxy */;
		};
/* End PBXTargetDependency section */

/* Begin PBXVariantGroup section */
		C41E909A21B0E02400DA7621 /* Main.storyboard */ = {
			isa = PBXVariantGroup;
			children = (
				C41E909B21B0E02400DA7621 /* Base */,
			);
			name = Main.storyboard;
			sourceTree = "<group>";
		};
		C41E909F21B0E02500DA7621 /* LaunchScreen.storyboard */ = {
			isa = PBXVariantGroup;
			children = (
				C41E90A021B0E02500DA7621 /* Base */,
			);
			name = LaunchScreen.storyboard;
			sourceTree = "<group>";
		};
/* End PBXVariantGroup section */

/* Begin XCBuildConfiguration section */
		C41E90B921B0E02500DA7621 /* Debug */ = {
			isa = XCBuildConfiguration;
			buildSettings = {
				ALWAYS_SEARCH_USER_PATHS = NO;
				CLANG_ANALYZER_NONNULL = YES;
				CLANG_ANALYZER_NUMBER_OBJECT_CONVERSION = YES_AGGRESSIVE;
				CLANG_CXX_LANGUAGE_STANDARD = "gnu++14";
				CLANG_CXX_LIBRARY = "libc++";
				CLANG_ENABLE_MODULES = YES;
				CLANG_ENABLE_OBJC_ARC = YES;
				CLANG_ENABLE_OBJC_WEAK = YES;
				CLANG_WARN_BLOCK_CAPTURE_AUTORELEASING = YES;
				CLANG_WARN_BOOL_CONVERSION = YES;
				CLANG_WARN_COMMA = YES;
				CLANG_WARN_CONSTANT_CONVERSION = YES;
				CLANG_WARN_DEPRECATED_OBJC_IMPLEMENTATIONS = YES;
				CLANG_WARN_DIRECT_OBJC_ISA_USAGE = YES_ERROR;
				CLANG_WARN_DOCUMENTATION_COMMENTS = YES;
				CLANG_WARN_EMPTY_BODY = YES;
				CLANG_WARN_ENUM_CONVERSION = YES;
				CLANG_WARN_INFINITE_RECURSION = YES;
				CLANG_WARN_INT_CONVERSION = YES;
				CLANG_WARN_NON_LITERAL_NULL_CONVERSION = YES;
				CLANG_WARN_OBJC_IMPLICIT_RETAIN_SELF = YES;
				CLANG_WARN_OBJC_LITERAL_CONVERSION = YES;
				CLANG_WARN_OBJC_ROOT_CLASS = YES_ERROR;
				CLANG_WARN_RANGE_LOOP_ANALYSIS = YES;
				CLANG_WARN_STRICT_PROTOTYPES = YES;
				CLANG_WARN_SUSPICIOUS_MOVE = YES;
				CLANG_WARN_UNGUARDED_AVAILABILITY = YES_AGGRESSIVE;
				CLANG_WARN_UNREACHABLE_CODE = YES;
				CLANG_WARN__DUPLICATE_METHOD_MATCH = YES;
				CODE_SIGN_IDENTITY = "iPhone Developer";
				COPY_PHASE_STRIP = NO;
				DEBUG_INFORMATION_FORMAT = dwarf;
				ENABLE_STRICT_OBJC_MSGSEND = YES;
				ENABLE_TESTABILITY = YES;
				GCC_C_LANGUAGE_STANDARD = gnu11;
				GCC_DYNAMIC_NO_PIC = NO;
				GCC_NO_COMMON_BLOCKS = YES;
				GCC_OPTIMIZATION_LEVEL = 0;
				GCC_PREPROCESSOR_DEFINITIONS = (
					"DEBUG=1",
					"$(inherited)",
				);
				GCC_WARN_64_TO_32_BIT_CONVERSION = YES;
				GCC_WARN_ABOUT_RETURN_TYPE = YES_ERROR;
				GCC_WARN_UNDECLARED_SELECTOR = YES;
				GCC_WARN_UNINITIALIZED_AUTOS = YES_AGGRESSIVE;
				GCC_WARN_UNUSED_FUNCTION = YES;
				GCC_WARN_UNUSED_VARIABLE = YES;
				IPHONEOS_DEPLOYMENT_TARGET = 12.1;
				MTL_ENABLE_DEBUG_INFO = INCLUDE_SOURCE;
				MTL_FAST_MATH = YES;
				ONLY_ACTIVE_ARCH = YES;
				SDKROOT = iphoneos;
				SWIFT_ACTIVE_COMPILATION_CONDITIONS = DEBUG;
				SWIFT_OPTIMIZATION_LEVEL = "-Onone";
			};
			name = Debug;
		};
		C41E90BA21B0E02500DA7621 /* Release */ = {
			isa = XCBuildConfiguration;
			buildSettings = {
				ALWAYS_SEARCH_USER_PATHS = NO;
				CLANG_ANALYZER_NONNULL = YES;
				CLANG_ANALYZER_NUMBER_OBJECT_CONVERSION = YES_AGGRESSIVE;
				CLANG_CXX_LANGUAGE_STANDARD = "gnu++14";
				CLANG_CXX_LIBRARY = "libc++";
				CLANG_ENABLE_MODULES = YES;
				CLANG_ENABLE_OBJC_ARC = YES;
				CLANG_ENABLE_OBJC_WEAK = YES;
				CLANG_WARN_BLOCK_CAPTURE_AUTORELEASING = YES;
				CLANG_WARN_BOOL_CONVERSION = YES;
				CLANG_WARN_COMMA = YES;
				CLANG_WARN_CONSTANT_CONVERSION = YES;
				CLANG_WARN_DEPRECATED_OBJC_IMPLEMENTATIONS = YES;
				CLANG_WARN_DIRECT_OBJC_ISA_USAGE = YES_ERROR;
				CLANG_WARN_DOCUMENTATION_COMMENTS = YES;
				CLANG_WARN_EMPTY_BODY = YES;
				CLANG_WARN_ENUM_CONVERSION = YES;
				CLANG_WARN_INFINITE_RECURSION = YES;
				CLANG_WARN_INT_CONVERSION = YES;
				CLANG_WARN_NON_LITERAL_NULL_CONVERSION = YES;
				CLANG_WARN_OBJC_IMPLICIT_RETAIN_SELF = YES;
				CLANG_WARN_OBJC_LITERAL_CONVERSION = YES;
				CLANG_WARN_OBJC_ROOT_CLASS = YES_ERROR;
				CLANG_WARN_RANGE_LOOP_ANALYSIS = YES;
				CLANG_WARN_STRICT_PROTOTYPES = YES;
				CLANG_WARN_SUSPICIOUS_MOVE = YES;
				CLANG_WARN_UNGUARDED_AVAILABILITY = YES_AGGRESSIVE;
				CLANG_WARN_UNREACHABLE_CODE = YES;
				CLANG_WARN__DUPLICATE_METHOD_MATCH = YES;
				CODE_SIGN_IDENTITY = "iPhone Developer";
				COPY_PHASE_STRIP = NO;
				DEBUG_INFORMATION_FORMAT = "dwarf-with-dsym";
				ENABLE_NS_ASSERTIONS = NO;
				ENABLE_STRICT_OBJC_MSGSEND = YES;
				GCC_C_LANGUAGE_STANDARD = gnu11;
				GCC_NO_COMMON_BLOCKS = YES;
				GCC_WARN_64_TO_32_BIT_CONVERSION = YES;
				GCC_WARN_ABOUT_RETURN_TYPE = YES_ERROR;
				GCC_WARN_UNDECLARED_SELECTOR = YES;
				GCC_WARN_UNINITIALIZED_AUTOS = YES_AGGRESSIVE;
				GCC_WARN_UNUSED_FUNCTION = YES;
				GCC_WARN_UNUSED_VARIABLE = YES;
				IPHONEOS_DEPLOYMENT_TARGET = 12.1;
				MTL_ENABLE_DEBUG_INFO = NO;
				MTL_FAST_MATH = YES;
				SDKROOT = iphoneos;
				SWIFT_COMPILATION_MODE = wholemodule;
				SWIFT_OPTIMIZATION_LEVEL = "-O";
				VALIDATE_PRODUCT = YES;
			};
			name = Release;
		};
		C41E90BC21B0E02500DA7621 /* Debug */ = {
			isa = XCBuildConfiguration;
			buildSettings = {
				ASSETCATALOG_COMPILER_APPICON_NAME = AppIcon;
				CODE_SIGN_STYLE = Automatic;
				DEVELOPMENT_TEAM = PJVC3926F7;
				INFOPLIST_FILE = XCExtensionTool/Info.plist;
				LD_RUNPATH_SEARCH_PATHS = (
					"$(inherited)",
					"@executable_path/Frameworks",
				);
				PRODUCT_BUNDLE_IDENTIFIER = com.sunshinedays.XCExtensionTool.XCExtensionTool;
				PRODUCT_NAME = "$(TARGET_NAME)";
				SWIFT_VERSION = 4.2;
				TARGETED_DEVICE_FAMILY = "1,2";
			};
			name = Debug;
		};
		C41E90BD21B0E02500DA7621 /* Release */ = {
			isa = XCBuildConfiguration;
			buildSettings = {
				ASSETCATALOG_COMPILER_APPICON_NAME = AppIcon;
				CODE_SIGN_STYLE = Automatic;
				DEVELOPMENT_TEAM = PJVC3926F7;
				INFOPLIST_FILE = XCExtensionTool/Info.plist;
				LD_RUNPATH_SEARCH_PATHS = (
					"$(inherited)",
					"@executable_path/Frameworks",
				);
				PRODUCT_BUNDLE_IDENTIFIER = com.sunshinedays.XCExtensionTool.XCExtensionTool;
				PRODUCT_NAME = "$(TARGET_NAME)";
				SWIFT_VERSION = 4.2;
				TARGETED_DEVICE_FAMILY = "1,2";
			};
			name = Release;
		};
		C41E90BF21B0E02500DA7621 /* Debug */ = {
			isa = XCBuildConfiguration;
			buildSettings = {
				ALWAYS_EMBED_SWIFT_STANDARD_LIBRARIES = YES;
				BUNDLE_LOADER = "$(TEST_HOST)";
				CODE_SIGN_STYLE = Automatic;
				DEVELOPMENT_TEAM = PJVC3926F7;
				INFOPLIST_FILE = XCExtensionToolTests/Info.plist;
				LD_RUNPATH_SEARCH_PATHS = (
					"$(inherited)",
					"@executable_path/Frameworks",
					"@loader_path/Frameworks",
				);
				PRODUCT_BUNDLE_IDENTIFIER = com.sunshinedays.XCExtensionTool.XCExtensionToolTests;
				PRODUCT_NAME = "$(TARGET_NAME)";
				SWIFT_VERSION = 4.2;
				TARGETED_DEVICE_FAMILY = "1,2";
				TEST_HOST = "$(BUILT_PRODUCTS_DIR)/XCExtensionTool.app/XCExtensionTool";
			};
			name = Debug;
		};
		C41E90C021B0E02500DA7621 /* Release */ = {
			isa = XCBuildConfiguration;
			buildSettings = {
				ALWAYS_EMBED_SWIFT_STANDARD_LIBRARIES = YES;
				BUNDLE_LOADER = "$(TEST_HOST)";
				CODE_SIGN_STYLE = Automatic;
				DEVELOPMENT_TEAM = PJVC3926F7;
				INFOPLIST_FILE = XCExtensionToolTests/Info.plist;
				LD_RUNPATH_SEARCH_PATHS = (
					"$(inherited)",
					"@executable_path/Frameworks",
					"@loader_path/Frameworks",
				);
				PRODUCT_BUNDLE_IDENTIFIER = com.sunshinedays.XCExtensionTool.XCExtensionToolTests;
				PRODUCT_NAME = "$(TARGET_NAME)";
				SWIFT_VERSION = 4.2;
				TARGETED_DEVICE_FAMILY = "1,2";
				TEST_HOST = "$(BUILT_PRODUCTS_DIR)/XCExtensionTool.app/XCExtensionTool";
			};
			name = Release;
		};
		C41E90C221B0E02500DA7621 /* Debug */ = {
			isa = XCBuildConfiguration;
			buildSettings = {
				ALWAYS_EMBED_SWIFT_STANDARD_LIBRARIES = YES;
				CODE_SIGN_STYLE = Automatic;
				DEVELOPMENT_TEAM = PJVC3926F7;
				INFOPLIST_FILE = XCExtensionToolUITests/Info.plist;
				LD_RUNPATH_SEARCH_PATHS = (
					"$(inherited)",
					"@executable_path/Frameworks",
					"@loader_path/Frameworks",
				);
				PRODUCT_BUNDLE_IDENTIFIER = com.sunshinedays.XCExtensionTool.XCExtensionToolUITests;
				PRODUCT_NAME = "$(TARGET_NAME)";
				SWIFT_VERSION = 4.2;
				TARGETED_DEVICE_FAMILY = "1,2";
				TEST_TARGET_NAME = XCExtensionTool;
			};
			name = Debug;
		};
		C41E90C321B0E02500DA7621 /* Release */ = {
			isa = XCBuildConfiguration;
			buildSettings = {
				ALWAYS_EMBED_SWIFT_STANDARD_LIBRARIES = YES;
				CODE_SIGN_STYLE = Automatic;
				DEVELOPMENT_TEAM = PJVC3926F7;
				INFOPLIST_FILE = XCExtensionToolUITests/Info.plist;
				LD_RUNPATH_SEARCH_PATHS = (
					"$(inherited)",
					"@executable_path/Frameworks",
					"@loader_path/Frameworks",
				);
				PRODUCT_BUNDLE_IDENTIFIER = com.sunshinedays.XCExtensionTool.XCExtensionToolUITests;
				PRODUCT_NAME = "$(TARGET_NAME)";
				SWIFT_VERSION = 4.2;
				TARGETED_DEVICE_FAMILY = "1,2";
				TEST_TARGET_NAME = XCExtensionTool;
			};
			name = Release;
		};
/* End XCBuildConfiguration section */

/* Begin XCConfigurationList section */
		C41E908E21B0E02400DA7621 /* Build configuration list for PBXProject "XCExtensionTool" */ = {
			isa = XCConfigurationList;
			buildConfigurations = (
				C41E90B921B0E02500DA7621 /* Debug */,
				C41E90BA21B0E02500DA7621 /* Release */,
			);
			defaultConfigurationIsVisible = 0;
			defaultConfigurationName = Release;
		};
		C41E90BB21B0E02500DA7621 /* Build configuration list for PBXNativeTarget "XCExtensionTool" */ = {
			isa = XCConfigurationList;
			buildConfigurations = (
				C41E90BC21B0E02500DA7621 /* Debug */,
				C41E90BD21B0E02500DA7621 /* Release */,
			);
			defaultConfigurationIsVisible = 0;
			defaultConfigurationName = Release;
		};
		C41E90BE21B0E02500DA7621 /* Build configuration list for PBXNativeTarget "XCExtensionToolTests" */ = {
			isa = XCConfigurationList;
			buildConfigurations = (
				C41E90BF21B0E02500DA7621 /* Debug */,
				C41E90C021B0E02500DA7621 /* Release */,
			);
			defaultConfigurationIsVisible = 0;
			defaultConfigurationName = Release;
		};
		C41E90C121B0E02500DA7621 /* Build configuration list for PBXNativeTarget "XCExtensionToolUITests" */ = {
			isa = XCConfigurationList;
			buildConfigurations = (
				C41E90C221B0E02500DA7621 /* Debug */,
				C41E90C321B0E02500DA7621 /* Release */,
			);
			defaultConfigurationIsVisible = 0;
			defaultConfigurationName = Release;
		};
/* End XCConfigurationList section */
	};
	rootObject = C41E908B21B0E02400DA7621 /* Project object */;
}
